
Microsoft Visual Studio Solution File, Format Version 12.00
# Visual Studio Version 17
VisualStudioVersion = 17.10.35122.118
MinimumVisualStudioVersion = 10.0.40219.1
Project("{8BC9CEB8-8B4A-11D0-8D11-00A0C91BC942}") = "HelloVulcan", "HelloVulcan.vcxproj", "{B0F586F3-62F1-4D2B-A26C-5F5D27E799D4}"
EndProject
Global
	GlobalSection(SolutionConfigurationPlatforms) = preSolution
		Debug|x64 = Debug|x64
		Debug|x86 = Debug|x86
		Release|x64 = Release|x64
		Release|x86 = Release|x86
	EndGlobalSection
	GlobalSection(ProjectConfigurationPlatforms) = postSolution
		{B0F586F3-62F1-4D2B-A26C-5F5D27E799D4}.Debug|x64.ActiveCfg = Debug|x64
		{B0F586F3-62F1-4D2B-A26C-5F5D27E799D4}.Debug|x64.Build.0 = Debug|x64
		{B0F586F3-62F1-4D2B-A26C-5F5D27E799D4}.Debug|x86.ActiveCfg = Debug|Win32
		{B0F586F3-62F1-4D2B-A26C-5F5D27E799D4}.Debug|x86.Build.0 = Debug|Win32
		{B0F586F3-62F1-4D2B-A26C-5F5D27E799D4}.Release|x64.ActiveCfg = Release|x64
		{B0F586F3-62F1-4D2B-A26C-5F5D27E799D4}.Release|x64.Build.0 = Release|x64
		{B0F586F3-62F1-4D2B-A26C-5F5D27E799D4}.Release|x86.ActiveCfg = Release|Win32
		{B0F586F3-62F1-4D2B-A26C-5F5D27E799D4}.Release|x86.Build.0 = Release|Win32
	EndGlobalSection
	GlobalSection(SolutionProperties) = preSolution
		HideSolutionNode = FALSE
	EndGlobalSection
	GlobalSection(ExtensibilityGlobals) = postSolution
		SolutionGuid = {6D223EB6-6D9A-46D8-8053-E5F9E08F9D0A}
	EndGlobalSection
EndGlobal
